
Microsoft Visual Studio Solution File, Format Version 12.00
# Visual Studio Version 17
VisualStudioVersion = 17.11.35327.3
MinimumVisualStudioVersion = 10.0.40219.1
Project("{FAE04EC0-301F-11D3-BF4B-00C04F79EFBC}") = "trackandhelp", "trackandhelp\trackandhelp.csproj", "{F5F1459A-C41A-4868-8F42-BC471AC2CA7E}"
EndProject
Global
	GlobalSection(SolutionConfigurationPlatforms) = preSolution
		Debug|Any CPU = Debug|Any CPU
		Release|Any CPU = Release|Any CPU
	EndGlobalSection
	GlobalSection(ProjectConfigurationPlatforms) = postSolution
		{F5F1459A-C41A-4868-8F42-BC471AC2CA7E}.Debug|Any CPU.ActiveCfg = Debug|Any CPU
		{F5F1459A-C41A-4868-8F42-BC471AC2CA7E}.Debug|Any CPU.Build.0 = Debug|Any CPU
		{F5F1459A-C41A-4868-8F42-BC471AC2CA7E}.Release|Any CPU.ActiveCfg = Release|Any CPU
		{F5F1459A-C41A-4868-8F42-BC471AC2CA7E}.Release|Any CPU.Build.0 = Release|Any CPU
	EndGlobalSection
	GlobalSection(SolutionProperties) = preSolution
		HideSolutionNode = FALSE
	EndGlobalSection
	GlobalSection(ExtensibilityGlobals) = postSolution
		SolutionGuid = {91F9D72B-F8D5-4D02-909A-80FB847C3327}
	EndGlobalSection
EndGlobal
